
Microsoft Visual Studio Solution File, Format Version 12.00
# Visual Studio Version 16
VisualStudioVersion = 16.0.29324.140
MinimumVisualStudioVersion = 10.0.40219.1
Project("{FAE04EC0-301F-11D3-BF4B-00C04F79EFBC}") = "BookDiary.BLL", "BookDiary.BLL\BookDiary.BLL.csproj", "{709D6C5F-AF02-4D1A-A119-3569626C10D3}"
EndProject
Project("{FAE04EC0-301F-11D3-BF4B-00C04F79EFBC}") = "BookDiary.DAL", "BookDiary.DAL\BookDiary.DAL.csproj", "{945BB00F-C22E-46EC-B7F9-49EAF15718D0}"
EndProject
Project("{FAE04EC0-301F-11D3-BF4B-00C04F79EFBC}") = "BookDiary.PL", "BookDiary.PL\BookDiary.PL.csproj", "{AA0B1C72-B317-49FA-B2DB-49C7E24F1566}"
EndProject
Project("{FAE04EC0-301F-11D3-BF4B-00C04F79EFBC}") = "BookDiary.Tests", "BookDiary.Tests\BookDiary.Tests.csproj", "{7C016E2D-4FA1-4B45-BDCB-8F31E3A573A3}"
EndProject
Global
	GlobalSection(SolutionConfigurationPlatforms) = preSolution
		Debug|Any CPU = Debug|Any CPU
		Release|Any CPU = Release|Any CPU
	EndGlobalSection
	GlobalSection(ProjectConfigurationPlatforms) = postSolution
		{709D6C5F-AF02-4D1A-A119-3569626C10D3}.Debug|Any CPU.ActiveCfg = Debug|Any CPU
		{709D6C5F-AF02-4D1A-A119-3569626C10D3}.Debug|Any CPU.Build.0 = Debug|Any CPU
		{709D6C5F-AF02-4D1A-A119-3569626C10D3}.Release|Any CPU.ActiveCfg = Debug|Any CPU
		{709D6C5F-AF02-4D1A-A119-3569626C10D3}.Release|Any CPU.Build.0 = Debug|Any CPU
		{945BB00F-C22E-46EC-B7F9-49EAF15718D0}.Debug|Any CPU.ActiveCfg = Debug|Any CPU
		{945BB00F-C22E-46EC-B7F9-49EAF15718D0}.Debug|Any CPU.Build.0 = Debug|Any CPU
		{945BB00F-C22E-46EC-B7F9-49EAF15718D0}.Release|Any CPU.ActiveCfg = Debug|Any CPU
		{945BB00F-C22E-46EC-B7F9-49EAF15718D0}.Release|Any CPU.Build.0 = Debug|Any CPU
		{AA0B1C72-B317-49FA-B2DB-49C7E24F1566}.Debug|Any CPU.ActiveCfg = Debug|Any CPU
		{AA0B1C72-B317-49FA-B2DB-49C7E24F1566}.Debug|Any CPU.Build.0 = Debug|Any CPU
		{AA0B1C72-B317-49FA-B2DB-49C7E24F1566}.Release|Any CPU.ActiveCfg = Debug|Any CPU
		{AA0B1C72-B317-49FA-B2DB-49C7E24F1566}.Release|Any CPU.Build.0 = Debug|Any CPU
		{7C016E2D-4FA1-4B45-BDCB-8F31E3A573A3}.Debug|Any CPU.ActiveCfg = Debug|Any CPU
		{7C016E2D-4FA1-4B45-BDCB-8F31E3A573A3}.Debug|Any CPU.Build.0 = Debug|Any CPU
		{7C016E2D-4FA1-4B45-BDCB-8F31E3A573A3}.Release|Any CPU.ActiveCfg = Release|Any CPU
		{7C016E2D-4FA1-4B45-BDCB-8F31E3A573A3}.Release|Any CPU.Build.0 = Release|Any CPU
	EndGlobalSection
	GlobalSection(SolutionProperties) = preSolution
		HideSolutionNode = FALSE
	EndGlobalSection
	GlobalSection(ExtensibilityGlobals) = postSolution
		SolutionGuid = {6B966122-1550-408E-84E1-652CD7ACBF7E}
	EndGlobalSection
EndGlobal
